
Microsoft Visual Studio Solution File, Format Version 12.00
# Visual Studio Version 16
VisualStudioVersion = 16.0.31624.102
MinimumVisualStudioVersion = 10.0.40219.1
Project("{9A19103F-16F7-4668-BE54-9A1E7A4F7556}") = "NeuralNetworks", "NeuralNetworks\NeuralNetworks.csproj", "{53406568-CA53-4074-AC30-C10FBB99719D}"
EndProject
Project("{FAE04EC0-301F-11D3-BF4B-00C04F79EFBC}") = "NeuralNetworks.TensorFlow", "NeuralNetworks.TensorFlow\NeuralNetworks.TensorFlow.csproj", "{EF979810-3823-4BE6-B24C-39A19D5F221D}"
EndProject
Project("{888888A0-9F3D-457C-B088-3A5042F75D52}") = "NeuralPy", "NeuralPy\NeuralPy.pyproj", "{69A4EB98-B5CB-4062-AA6C-E032B14D4FA0}"
EndProject
Global
	GlobalSection(SolutionConfigurationPlatforms) = preSolution
		Debug|Any CPU = Debug|Any CPU
		Release|Any CPU = Release|Any CPU
	EndGlobalSection
	GlobalSection(ProjectConfigurationPlatforms) = postSolution
		{53406568-CA53-4074-AC30-C10FBB99719D}.Debug|Any CPU.ActiveCfg = Debug|Any CPU
		{53406568-CA53-4074-AC30-C10FBB99719D}.Debug|Any CPU.Build.0 = Debug|Any CPU
		{53406568-CA53-4074-AC30-C10FBB99719D}.Release|Any CPU.ActiveCfg = Release|Any CPU
		{53406568-CA53-4074-AC30-C10FBB99719D}.Release|Any CPU.Build.0 = Release|Any CPU
		{EF979810-3823-4BE6-B24C-39A19D5F221D}.Debug|Any CPU.ActiveCfg = Debug|Any CPU
		{EF979810-3823-4BE6-B24C-39A19D5F221D}.Debug|Any CPU.Build.0 = Debug|Any CPU
		{EF979810-3823-4BE6-B24C-39A19D5F221D}.Release|Any CPU.ActiveCfg = Release|Any CPU
		{EF979810-3823-4BE6-B24C-39A19D5F221D}.Release|Any CPU.Build.0 = Release|Any CPU
		{69A4EB98-B5CB-4062-AA6C-E032B14D4FA0}.Debug|Any CPU.ActiveCfg = Debug|Any CPU
		{69A4EB98-B5CB-4062-AA6C-E032B14D4FA0}.Release|Any CPU.ActiveCfg = Release|Any CPU
	EndGlobalSection
	GlobalSection(SolutionProperties) = preSolution
		HideSolutionNode = FALSE
	EndGlobalSection
	GlobalSection(ExtensibilityGlobals) = postSolution
		SolutionGuid = {CF862D17-C231-40DA-8DB2-E547D548748E}
	EndGlobalSection
EndGlobal
